{
  "pins" : [
    {
      "identity" : "aiproxyswift",
      "kind" : "remoteSourceControl",
      "location" : "https://github.com/lzell/AIProxySwift",
      "state" : {
        "revision" : "db818f8e4db04893135a32036995486d974beb8d",
        "version" : "0.153.0"
      }
    },
    {
      "identity" : "superscript-ios-next",
      "kind" : "remoteSourceControl",
      "location" : "https://github.com/superwall/superscript-ios-next",
      "state" : {
        "revision" : "abb2c8c96e958aabe11a84df67860ad7bbef3b68",
        "version" : "1.0.14"
      }
    },
    {
      "identity" : "superwall-ios",
      "kind" : "remoteSourceControl",
      "location" : "https://github.com/superwall-me/Superwall-iOS",
      "state" : {
        "revision" : "f738aeb3d55f326f96279fb803ebfa3cac39e3e0",
        "version" : "4.15.3"
      }
    }
  ],
  "version" : 2
}
